
Microsoft Visual Studio Solution File, Format Version 12.00
# Visual Studio Version 16
VisualStudioVersion = 16.0.33328.57
MinimumVisualStudioVersion = 10.0.40219.1
Project("{FAE04EC0-301F-11D3-BF4B-00C04F79EFBC}") = "DenInfCliKnot", "DenInfCliKnot.csproj", "{4D13D0A1-F5AF-4FFC-B2F2-D882DDDB7266}"
EndProject
Global
	GlobalSection(SolutionConfigurationPlatforms) = preSolution
		Debug|Any CPU = Debug|Any CPU
		Release|Any CPU = Release|Any CPU
	EndGlobalSection
	GlobalSection(ProjectConfigurationPlatforms) = postSolution
		{4D13D0A1-F5AF-4FFC-B2F2-D882DDDB7266}.Debug|Any CPU.ActiveCfg = Debug|Any CPU
		{4D13D0A1-F5AF-4FFC-B2F2-D882DDDB7266}.Debug|Any CPU.Build.0 = Debug|Any CPU
		{4D13D0A1-F5AF-4FFC-B2F2-D882DDDB7266}.Release|Any CPU.ActiveCfg = Release|Any CPU
		{4D13D0A1-F5AF-4FFC-B2F2-D882DDDB7266}.Release|Any CPU.Build.0 = Release|Any CPU
	EndGlobalSection
	GlobalSection(SolutionProperties) = preSolution
		HideSolutionNode = FALSE
	EndGlobalSection
	GlobalSection(ExtensibilityGlobals) = postSolution
		SolutionGuid = {31349994-D379-4AD7-902F-3568D9E59BAE}
	EndGlobalSection
EndGlobal
